
Microsoft Visual Studio Solution File, Format Version 12.00
# Visual Studio Version 17
VisualStudioVersion = 17.7.34024.191
MinimumVisualStudioVersion = 10.0.40219.1
Project("{FAE04EC0-301F-11D3-BF4B-00C04F79EFBC}") = "desempeño2", "desempeño2\desempeño2.csproj", "{54DF6595-97B2-4713-BC32-191CEDE8D898}"
EndProject
Global
	GlobalSection(SolutionConfigurationPlatforms) = preSolution
		Debug|Any CPU = Debug|Any CPU
		Release|Any CPU = Release|Any CPU
	EndGlobalSection
	GlobalSection(ProjectConfigurationPlatforms) = postSolution
		{54DF6595-97B2-4713-BC32-191CEDE8D898}.Debug|Any CPU.ActiveCfg = Debug|Any CPU
		{54DF6595-97B2-4713-BC32-191CEDE8D898}.Debug|Any CPU.Build.0 = Debug|Any CPU
		{54DF6595-97B2-4713-BC32-191CEDE8D898}.Release|Any CPU.ActiveCfg = Release|Any CPU
		{54DF6595-97B2-4713-BC32-191CEDE8D898}.Release|Any CPU.Build.0 = Release|Any CPU
	EndGlobalSection
	GlobalSection(SolutionProperties) = preSolution
		HideSolutionNode = FALSE
	EndGlobalSection
	GlobalSection(ExtensibilityGlobals) = postSolution
		SolutionGuid = {540BBD14-6B70-4D6C-AE78-C73268B43316}
	EndGlobalSection
EndGlobal
